
Microsoft Visual Studio Solution File, Format Version 12.00
# Visual Studio Version 16
VisualStudioVersion = 16.0.30804.86
MinimumVisualStudioVersion = 10.0.40219.1
Project("{9A19103F-16F7-4668-BE54-9A1E7A4F7556}") = "EmployeeDetails", "EmployeeDetails\EmployeeDetails.csproj", "{5FC2B1F6-107A-4B06-98CF-3C29C04837AF}"
EndProject
Global
	GlobalSection(SolutionConfigurationPlatforms) = preSolution
		Debug|Any CPU = Debug|Any CPU
		Release|Any CPU = Release|Any CPU
	EndGlobalSection
	GlobalSection(ProjectConfigurationPlatforms) = postSolution
		{5FC2B1F6-107A-4B06-98CF-3C29C04837AF}.Debug|Any CPU.ActiveCfg = Debug|Any CPU
		{5FC2B1F6-107A-4B06-98CF-3C29C04837AF}.Debug|Any CPU.Build.0 = Debug|Any CPU
		{5FC2B1F6-107A-4B06-98CF-3C29C04837AF}.Release|Any CPU.ActiveCfg = Release|Any CPU
		{5FC2B1F6-107A-4B06-98CF-3C29C04837AF}.Release|Any CPU.Build.0 = Release|Any CPU
	EndGlobalSection
	GlobalSection(SolutionProperties) = preSolution
		HideSolutionNode = FALSE
	EndGlobalSection
	GlobalSection(ExtensibilityGlobals) = postSolution
		SolutionGuid = {FDAA0D67-5C9F-4DBD-80C0-3ADEF52994B0}
	EndGlobalSection
EndGlobal
